
Microsoft Visual Studio Solution File, Format Version 12.00
# Visual Studio 15
VisualStudioVersion = 15.0.26730.3
MinimumVisualStudioVersion = 10.0.40219.1
Project("{FAE04EC0-301F-11D3-BF4B-00C04F79EFBC}") = "TodoList.Tests", "TodoList.Tests\TodoList.Tests.csproj", "{9533BEEA-2E01-4D42-AD79-1D77815D8F3A}"
EndProject
Project("{FAE04EC0-301F-11D3-BF4B-00C04F79EFBC}") = "TodoList.SUT", "TodoList.SUT\TodoList.SUT.csproj", "{15A1C4DF-8C8C-4CF7-8416-FE9CC802E852}"
EndProject
Project("{2150E333-8FDC-42A3-9474-1A3956D46DE8}") = "Solution Items", "Solution Items", "{90703870-43BD-4025-94BA-2FBFF460529D}"
	ProjectSection(SolutionItems) = preProject
		README.md = README.md
	EndProjectSection
EndProject
Project("{2150E333-8FDC-42A3-9474-1A3956D46DE8}") = "AssessmentArtifacts", "AssessmentArtifacts", "{5F01F4A8-6A3E-4638-8D8E-7592BF9CE990}"
EndProject
Global
	GlobalSection(SolutionConfigurationPlatforms) = preSolution
		Debug|Any CPU = Debug|Any CPU
		Release|Any CPU = Release|Any CPU
	EndGlobalSection
	GlobalSection(ProjectConfigurationPlatforms) = postSolution
		{9533BEEA-2E01-4D42-AD79-1D77815D8F3A}.Debug|Any CPU.ActiveCfg = Debug|Any CPU
		{9533BEEA-2E01-4D42-AD79-1D77815D8F3A}.Debug|Any CPU.Build.0 = Debug|Any CPU
		{9533BEEA-2E01-4D42-AD79-1D77815D8F3A}.Release|Any CPU.ActiveCfg = Release|Any CPU
		{9533BEEA-2E01-4D42-AD79-1D77815D8F3A}.Release|Any CPU.Build.0 = Release|Any CPU
		{15A1C4DF-8C8C-4CF7-8416-FE9CC802E852}.Debug|Any CPU.ActiveCfg = Debug|Any CPU
		{15A1C4DF-8C8C-4CF7-8416-FE9CC802E852}.Debug|Any CPU.Build.0 = Debug|Any CPU
		{15A1C4DF-8C8C-4CF7-8416-FE9CC802E852}.Release|Any CPU.ActiveCfg = Release|Any CPU
		{15A1C4DF-8C8C-4CF7-8416-FE9CC802E852}.Release|Any CPU.Build.0 = Release|Any CPU
	EndGlobalSection
	GlobalSection(SolutionProperties) = preSolution
		HideSolutionNode = FALSE
	EndGlobalSection
	GlobalSection(NestedProjects) = preSolution
		{5F01F4A8-6A3E-4638-8D8E-7592BF9CE990} = {90703870-43BD-4025-94BA-2FBFF460529D}
	EndGlobalSection
	GlobalSection(ExtensibilityGlobals) = postSolution
		SolutionGuid = {29BACF87-6BF1-4C10-89E9-9457B1C74D4A}
	EndGlobalSection
EndGlobal
